
Microsoft Visual Studio Solution File, Format Version 12.00
# Visual Studio 15
VisualStudioVersion = 15.0.28307.902
MinimumVisualStudioVersion = 10.0.40219.1
Project("{FAE04EC0-301F-11D3-BF4B-00C04F79EFBC}") = "TelaGPS.Android", "TelaGPS\TelaGPS.Android\TelaGPS.Android.csproj", "{7B1AF1CF-0A4C-4AE8-9812-5EF5D47F10C4}"
EndProject
Project("{FAE04EC0-301F-11D3-BF4B-00C04F79EFBC}") = "TelaGPS", "TelaGPS\TelaGPS\TelaGPS.csproj", "{36040EAC-A730-45FD-BDDA-BE91341FA5ED}"
EndProject
Global
	GlobalSection(SolutionConfigurationPlatforms) = preSolution
		Debug|Any CPU = Debug|Any CPU
		Release|Any CPU = Release|Any CPU
	EndGlobalSection
	GlobalSection(ProjectConfigurationPlatforms) = postSolution
		{7B1AF1CF-0A4C-4AE8-9812-5EF5D47F10C4}.Debug|Any CPU.ActiveCfg = Debug|Any CPU
		{7B1AF1CF-0A4C-4AE8-9812-5EF5D47F10C4}.Debug|Any CPU.Build.0 = Debug|Any CPU
		{7B1AF1CF-0A4C-4AE8-9812-5EF5D47F10C4}.Debug|Any CPU.Deploy.0 = Debug|Any CPU
		{7B1AF1CF-0A4C-4AE8-9812-5EF5D47F10C4}.Release|Any CPU.ActiveCfg = Release|Any CPU
		{7B1AF1CF-0A4C-4AE8-9812-5EF5D47F10C4}.Release|Any CPU.Build.0 = Release|Any CPU
		{7B1AF1CF-0A4C-4AE8-9812-5EF5D47F10C4}.Release|Any CPU.Deploy.0 = Release|Any CPU
		{36040EAC-A730-45FD-BDDA-BE91341FA5ED}.Debug|Any CPU.ActiveCfg = Debug|Any CPU
		{36040EAC-A730-45FD-BDDA-BE91341FA5ED}.Debug|Any CPU.Build.0 = Debug|Any CPU
		{36040EAC-A730-45FD-BDDA-BE91341FA5ED}.Debug|Any CPU.Deploy.0 = Debug|Any CPU
		{36040EAC-A730-45FD-BDDA-BE91341FA5ED}.Release|Any CPU.ActiveCfg = Release|Any CPU
		{36040EAC-A730-45FD-BDDA-BE91341FA5ED}.Release|Any CPU.Build.0 = Release|Any CPU
		{36040EAC-A730-45FD-BDDA-BE91341FA5ED}.Release|Any CPU.Deploy.0 = Release|Any CPU
	EndGlobalSection
	GlobalSection(SolutionProperties) = preSolution
		HideSolutionNode = FALSE
	EndGlobalSection
	GlobalSection(ExtensibilityGlobals) = postSolution
		SolutionGuid = {B8401582-588B-4C6D-84BB-9FC7B0D5259A}
	EndGlobalSection
EndGlobal
